
Microsoft Visual Studio Solution File, Format Version 10.00
# Visual Studio 2008
Project("{FAE04EC0-301F-11D3-BF4B-00C04F79EFBC}") = "AnalysisUK.LightSwitch.Console", "AnalysisUK.LightSwitch.Console.csproj", "{64936771-1FD7-4C36-A190-901084195219}"
EndProject
Project("{FAE04EC0-301F-11D3-BF4B-00C04F79EFBC}") = "AnalysisUK.LightSwitch.WindowApp", "..\AnalysisUK.LightSwitch.WindowApp\AnalysisUK.LightSwitch.WindowApp.csproj", "{EAA115C5-A7FB-4555-80B6-71D9EFB34D9C}"
EndProject
Global
	GlobalSection(SolutionConfigurationPlatforms) = preSolution
		Debug|Any CPU = Debug|Any CPU
		Release|Any CPU = Release|Any CPU
	EndGlobalSection
	GlobalSection(ProjectConfigurationPlatforms) = postSolution
		{64936771-1FD7-4C36-A190-901084195219}.Debug|Any CPU.ActiveCfg = Debug|Any CPU
		{64936771-1FD7-4C36-A190-901084195219}.Debug|Any CPU.Build.0 = Debug|Any CPU
		{64936771-1FD7-4C36-A190-901084195219}.Debug|Any CPU.Deploy.0 = Debug|Any CPU
		{64936771-1FD7-4C36-A190-901084195219}.Release|Any CPU.ActiveCfg = Release|Any CPU
		{64936771-1FD7-4C36-A190-901084195219}.Release|Any CPU.Build.0 = Release|Any CPU
		{64936771-1FD7-4C36-A190-901084195219}.Release|Any CPU.Deploy.0 = Release|Any CPU
		{EAA115C5-A7FB-4555-80B6-71D9EFB34D9C}.Debug|Any CPU.ActiveCfg = Debug|Any CPU
		{EAA115C5-A7FB-4555-80B6-71D9EFB34D9C}.Debug|Any CPU.Build.0 = Debug|Any CPU
		{EAA115C5-A7FB-4555-80B6-71D9EFB34D9C}.Debug|Any CPU.Deploy.0 = Debug|Any CPU
		{EAA115C5-A7FB-4555-80B6-71D9EFB34D9C}.Release|Any CPU.ActiveCfg = Release|Any CPU
		{EAA115C5-A7FB-4555-80B6-71D9EFB34D9C}.Release|Any CPU.Build.0 = Release|Any CPU
		{EAA115C5-A7FB-4555-80B6-71D9EFB34D9C}.Release|Any CPU.Deploy.0 = Release|Any CPU
	EndGlobalSection
	GlobalSection(SolutionProperties) = preSolution
		HideSolutionNode = FALSE
	EndGlobalSection
EndGlobal
